
Microsoft Visual Studio Solution File, Format Version 12.00
# Visual Studio Version 17
VisualStudioVersion = 17.5.002.0
MinimumVisualStudioVersion = 10.0.40219.1
Project("{9A19103F-16F7-4668-BE54-9A1E7A4F7556}") = "ChessEngine", "ChessEngine.csproj", "{A40A4C89-ABC3-45D8-9E80-13B830BC1672}"
EndProject
Global
	GlobalSection(SolutionConfigurationPlatforms) = preSolution
		Debug|Any CPU = Debug|Any CPU
		Release|Any CPU = Release|Any CPU
	EndGlobalSection
	GlobalSection(ProjectConfigurationPlatforms) = postSolution
		{A40A4C89-ABC3-45D8-9E80-13B830BC1672}.Debug|Any CPU.ActiveCfg = Debug|Any CPU
		{A40A4C89-ABC3-45D8-9E80-13B830BC1672}.Debug|Any CPU.Build.0 = Debug|Any CPU
		{A40A4C89-ABC3-45D8-9E80-13B830BC1672}.Release|Any CPU.ActiveCfg = Release|Any CPU
		{A40A4C89-ABC3-45D8-9E80-13B830BC1672}.Release|Any CPU.Build.0 = Release|Any CPU
	EndGlobalSection
	GlobalSection(SolutionProperties) = preSolution
		HideSolutionNode = FALSE
	EndGlobalSection
	GlobalSection(ExtensibilityGlobals) = postSolution
		SolutionGuid = {C5109356-B677-4E25-AA8B-8BB8B0FD886B}
	EndGlobalSection
EndGlobal
